// !$*UTF8*$!
{
	archiveVersion = 1;
	classes = {
	};
	objectVersion = 46;
	objects = {

/* Begin PBXBuildFile section */
		01BD55391E30C9DC007FC311 /* Elf.m in Sources */ = {isa = PBXBuildFile; fileRef = 01BD552D1E30C9DC007FC311 /* Elf.m */; };
		01BD553A1E30C9DC007FC311 /* GameCharactor.m in Sources */ = {isa = PBXBuildFile; fileRef = 01BD552F1E30C9DC007FC311 /* GameCharactor.m */; };
		01BD553B1E30C9DC007FC311 /* Human.m in Sources */ = {isa = PBXBuildFile; fileRef = 01BD55311E30C9DC007FC311 /* Human.m */; };
		01BD553C1E30C9DC007FC311 /* main.m in Sources */ = {isa = PBXBuildFile; fileRef = 01BD55321E30C9DC007FC311 /* main.m */; };
		01BD553D1E30C9DC007FC311 /* Person.m in Sources */ = {isa = PBXBuildFile; fileRef = 01BD55341E30C9DC007FC311 /* Person.m */; };
		01BD553E1E30C9DC007FC311 /* Student.m in Sources */ = {isa = PBXBuildFile; fileRef = 01BD55361E30C9DC007FC311 /* Student.m */; };
		01BD553F1E30C9DC007FC311 /* UniversityStudent.m in Sources */ = {isa = PBXBuildFile; fileRef = 01BD55381E30C9DC007FC311 /* UniversityStudent.m */; };
/* End PBXBuildFile section */

/* Begin PBXCopyFilesBuildPhase section */
		01BD546D1E2F4FC5007FC311 /* CopyFiles */ = {
			isa = PBXCopyFilesBuildPhase;
			buildActionMask = 2147483647;
			dstPath = /usr/share/man/man1/;
			dstSubfolderSpec = 0;
			files = (
			);
			runOnlyForDeploymentPostprocessing = 1;
		};
/* End PBXCopyFilesBuildPhase section */

/* Begin PBXFileReference section */
		01BD546F1E2F4FC5007FC311 /* ThreeProject */ = {isa = PBXFileReference; explicitFileType = "compiled.mach-o.executable"; includeInIndex = 0; path = ThreeProject; sourceTree = BUILT_PRODUCTS_DIR; };
		01BD552C1E30C9DC007FC311 /* Elf.h */ = {isa = PBXFileReference; fileEncoding = 4; lastKnownFileType = sourcecode.c.h; path = Elf.h; sourceTree = "<group>"; };
		01BD552D1E30C9DC007FC311 /* Elf.m */ = {isa = PBXFileReference; fileEncoding = 4; lastKnownFileType = sourcecode.c.objc; path = Elf.m; sourceTree = "<group>"; };
		01BD552E1E30C9DC007FC311 /* GameCharactor.h */ = {isa = PBXFileReference; fileEncoding = 4; lastKnownFileType = sourcecode.c.h; path = GameCharactor.h; sourceTree = "<group>"; };
		01BD552F1E30C9DC007FC311 /* GameCharactor.m */ = {isa = PBXFileReference; fileEncoding = 4; lastKnownFileType = sourcecode.c.objc; path = GameCharactor.m; sourceTree = "<group>"; };
		01BD55301E30C9DC007FC311 /* Human.h */ = {isa = PBXFileReference; fileEncoding = 4; lastKnownFileType = sourcecode.c.h; path = Human.h; sourceTree = "<group>"; };
		01BD55311E30C9DC007FC311 /* Human.m */ = {isa = PBXFileReference; fileEncoding = 4; lastKnownFileType = sourcecode.c.objc; path = Human.m; sourceTree = "<group>"; };
		01BD55321E30C9DC007FC311 /* main.m */ = {isa = PBXFileReference; fileEncoding = 4; lastKnownFileType = sourcecode.c.objc; path = main.m; sourceTree = "<group>"; };
		01BD55331E30C9DC007FC311 /* Person.h */ = {isa = PBXFileReference; fileEncoding = 4; lastKnownFileType = sourcecode.c.h; path = Person.h; sourceTree = "<group>"; };
		01BD55341E30C9DC007FC311 /* Person.m */ = {isa = PBXFileReference; fileEncoding = 4; lastKnownFileType = sourcecode.c.objc; path = Person.m; sourceTree = "<group>"; };
		01BD55351E30C9DC007FC311 /* Student.h */ = {isa = PBXFileReference; fileEncoding = 4; lastKnownFileType = sourcecode.c.h; path = Student.h; sourceTree = "<group>"; };
		01BD55361E30C9DC007FC311 /* Student.m */ = {isa = PBXFileReference; fileEncoding = 4; lastKnownFileType = sourcecode.c.objc; path = Student.m; sourceTree = "<group>"; };
		01BD55371E30C9DC007FC311 /* UniversityStudent.h */ = {isa = PBXFileReference; fileEncoding = 4; lastKnownFileType = sourcecode.c.h; path = UniversityStudent.h; sourceTree = "<group>"; };
		01BD55381E30C9DC007FC311 /* UniversityStudent.m */ = {isa = PBXFileReference; fileEncoding = 4; lastKnownFileType = sourcecode.c.objc; path = UniversityStudent.m; sourceTree = "<group>"; };
/* End PBXFileReference section */

/* Begin PBXFrameworksBuildPhase section */
		01BD546C1E2F4FC5007FC311 /* Frameworks */ = {
			isa = PBXFrameworksBuildPhase;
			buildActionMask = 2147483647;
			files = (
			);
			runOnlyForDeploymentPostprocessing = 0;
		};
/* End PBXFrameworksBuildPhase section */

/* Begin PBXGroup section */
		01BD54661E2F4FC5007FC311 = {
			isa = PBXGroup;
			children = (
				01BD54711E2F4FC5007FC311 /* MyThirdApp */,
				01BD54701E2F4FC5007FC311 /* Products */,
			);
			sourceTree = "<group>";
		};
		01BD54701E2F4FC5007FC311 /* Products */ = {
			isa = PBXGroup;
			children = (
				01BD546F1E2F4FC5007FC311 /* ThreeProject */,
			);
			name = Products;
			sourceTree = "<group>";
		};
		01BD54711E2F4FC5007FC311 /* MyThirdApp */ = {
			isa = PBXGroup;
			children = (
				01BD55321E30C9DC007FC311 /* main.m */,
				01BD552C1E30C9DC007FC311 /* Elf.h */,
				01BD552D1E30C9DC007FC311 /* Elf.m */,
				01BD552E1E30C9DC007FC311 /* GameCharactor.h */,
				01BD552F1E30C9DC007FC311 /* GameCharactor.m */,
				01BD55301E30C9DC007FC311 /* Human.h */,
				01BD55311E30C9DC007FC311 /* Human.m */,
				01BD55331E30C9DC007FC311 /* Person.h */,
				01BD55341E30C9DC007FC311 /* Person.m */,
				01BD55351E30C9DC007FC311 /* Student.h */,
				01BD55361E30C9DC007FC311 /* Student.m */,
				01BD55371E30C9DC007FC311 /* UniversityStudent.h */,
				01BD55381E30C9DC007FC311 /* UniversityStudent.m */,
			);
			path = MyThirdApp;
			sourceTree = "<group>";
		};
/* End PBXGroup section */

/* Begin PBXNativeTarget section */
		01BD546E1E2F4FC5007FC311 /* ThreeProject */ = {
			isa = PBXNativeTarget;
			buildConfigurationList = 01BD54761E2F4FC5007FC311 /* Build configuration list for PBXNativeTarget "ThreeProject" */;
			buildPhases = (
				01BD546B1E2F4FC5007FC311 /* Sources */,
				01BD546C1E2F4FC5007FC311 /* Frameworks */,
				01BD546D1E2F4FC5007FC311 /* CopyFiles */,
			);
			buildRules = (
			);
			dependencies = (
			);
			name = ThreeProject;
			productName = MyThirdApp;
			productReference = 01BD546F1E2F4FC5007FC311 /* ThreeProject */;
			productType = "com.apple.product-type.tool";
		};
/* End PBXNativeTarget section */

/* Begin PBXProject section */
		01BD54671E2F4FC5007FC311 /* Project object */ = {
			isa = PBXProject;
			attributes = {
				LastUpgradeCheck = 0820;
				ORGANIZATIONNAME = BaekJin.Cho;
				TargetAttributes = {
					01BD546E1E2F4FC5007FC311 = {
						CreatedOnToolsVersion = 8.2.1;
						ProvisioningStyle = Automatic;
					};
				};
			};
			buildConfigurationList = 01BD546A1E2F4FC5007FC311 /* Build configuration list for PBXProject "ThreeProject" */;
			compatibilityVersion = "Xcode 3.2";
			developmentRegion = English;
			hasScannedForEncodings = 0;
			knownRegions = (
				en,
			);
			mainGroup = 01BD54661E2F4FC5007FC311;
			productRefGroup = 01BD54701E2F4FC5007FC311 /* Products */;
			projectDirPath = "";
			projectRoot = "";
			targets = (
				01BD546E1E2F4FC5007FC311 /* ThreeProject */,
			);
		};
/* End PBXProject section */

/* Begin PBXSourcesBuildPhase section */
		01BD546B1E2F4FC5007FC311 /* Sources */ = {
			isa = PBXSourcesBuildPhase;
			buildActionMask = 2147483647;
			files = (
				01BD553A1E30C9DC007FC311 /* GameCharactor.m in Sources */,
				01BD553F1E30C9DC007FC311 /* UniversityStudent.m in Sources */,
				01BD553E1E30C9DC007FC311 /* Student.m in Sources */,
				01BD553D1E30C9DC007FC311 /* Person.m in Sources */,
				01BD553B1E30C9DC007FC311 /* Human.m in Sources */,
				01BD553C1E30C9DC007FC311 /* main.m in Sources */,
				01BD55391E30C9DC007FC311 /* Elf.m in Sources */,
			);
			runOnlyForDeploymentPostprocessing = 0;
		};
/* End PBXSourcesBuildPhase section */

/* Begin XCBuildConfiguration section */
		01BD54741E2F4FC5007FC311 /* Debug */ = {
			isa = XCBuildConfiguration;
			buildSettings = {
				ALWAYS_SEARCH_USER_PATHS = NO;
				CLANG_ANALYZER_NONNULL = YES;
				CLANG_CXX_LANGUAGE_STANDARD = "gnu++0x";
				CLANG_CXX_LIBRARY = "libc++";
				CLANG_ENABLE_MODULES = YES;
				CLANG_ENABLE_OBJC_ARC = YES;
				CLANG_WARN_BOOL_CONVERSION = YES;
				CLANG_WARN_CONSTANT_CONVERSION = YES;
				CLANG_WARN_DIRECT_OBJC_ISA_USAGE = YES_ERROR;
				CLANG_WARN_DOCUMENTATION_COMMENTS = YES;
				CLANG_WARN_EMPTY_BODY = YES;
				CLANG_WARN_ENUM_CONVERSION = YES;
				CLANG_WARN_INFINITE_RECURSION = YES;
				CLANG_WARN_INT_CONVERSION = YES;
				CLANG_WARN_OBJC_ROOT_CLASS = YES_ERROR;
				CLANG_WARN_SUSPICIOUS_MOVE = YES;
				CLANG_WARN_UNREACHABLE_CODE = YES;
				CLANG_WARN__DUPLICATE_METHOD_MATCH = YES;
				CODE_SIGN_IDENTITY = "-";
				COPY_PHASE_STRIP = NO;
				DEBUG_INFORMATION_FORMAT = dwarf;
				ENABLE_STRICT_OBJC_MSGSEND = YES;
				ENABLE_TESTABILITY = YES;
				GCC_C_LANGUAGE_STANDARD = gnu99;
				GCC_DYNAMIC_NO_PIC = NO;
				GCC_NO_COMMON_BLOCKS = YES;
				GCC_OPTIMIZATION_LEVEL = 0;
				GCC_PREPROCESSOR_DEFINITIONS = (
					"DEBUG=1",
					"$(inherited)",
				);
				GCC_WARN_64_TO_32_BIT_CONVERSION = YES;
				GCC_WARN_ABOUT_RETURN_TYPE = YES_ERROR;
				GCC_WARN_UNDECLARED_SELECTOR = YES;
				GCC_WARN_UNINITIALIZED_AUTOS = YES_AGGRESSIVE;
				GCC_WARN_UNUSED_FUNCTION = YES;
				GCC_WARN_UNUSED_VARIABLE = YES;
				MACOSX_DEPLOYMENT_TARGET = 10.12;
				MTL_ENABLE_DEBUG_INFO = YES;
				ONLY_ACTIVE_ARCH = YES;
				SDKROOT = macosx;
			};
			name = Debug;
		};
		01BD54751E2F4FC5007FC311 /* Release */ = {
			isa = XCBuildConfiguration;
			buildSettings = {
				ALWAYS_SEARCH_USER_PATHS = NO;
				CLANG_ANALYZER_NONNULL = YES;
				CLANG_CXX_LANGUAGE_STANDARD = "gnu++0x";
				CLANG_CXX_LIBRARY = "libc++";
				CLANG_ENABLE_MODULES = YES;
				CLANG_ENABLE_OBJC_ARC = YES;
				CLANG_WARN_BOOL_CONVERSION = YES;
				CLANG_WARN_CONSTANT_CONVERSION = YES;
				CLANG_WARN_DIRECT_OBJC_ISA_USAGE = YES_ERROR;
				CLANG_WARN_DOCUMENTATION_COMMENTS = YES;
				CLANG_WARN_EMPTY_BODY = YES;
				CLANG_WARN_ENUM_CONVERSION = YES;
				CLANG_WARN_INFINITE_RECURSION = YES;
				CLANG_WARN_INT_CONVERSION = YES;
				CLANG_WARN_OBJC_ROOT_CLASS = YES_ERROR;
				CLANG_WARN_SUSPICIOUS_MOVE = YES;
				CLANG_WARN_UNREACHABLE_CODE = YES;
				CLANG_WARN__DUPLICATE_METHOD_MATCH = YES;
				CODE_SIGN_IDENTITY = "-";
				COPY_PHASE_STRIP = NO;
				DEBUG_INFORMATION_FORMAT = "dwarf-with-dsym";
				ENABLE_NS_ASSERTIONS = NO;
				ENABLE_STRICT_OBJC_MSGSEND = YES;
				GCC_C_LANGUAGE_STANDARD = gnu99;
				GCC_NO_COMMON_BLOCKS = YES;
				GCC_WARN_64_TO_32_BIT_CONVERSION = YES;
				GCC_WARN_ABOUT_RETURN_TYPE = YES_ERROR;
				GCC_WARN_UNDECLARED_SELECTOR = YES;
				GCC_WARN_UNINITIALIZED_AUTOS = YES_AGGRESSIVE;
				GCC_WARN_UNUSED_FUNCTION = YES;
				GCC_WARN_UNUSED_VARIABLE = YES;
				MACOSX_DEPLOYMENT_TARGET = 10.12;
				MTL_ENABLE_DEBUG_INFO = NO;
				SDKROOT = macosx;
			};
			name = Release;
		};
		01BD54771E2F4FC5007FC311 /* Debug */ = {
			isa = XCBuildConfiguration;
			buildSettings = {
				PRODUCT_NAME = "$(TARGET_NAME)";
			};
			name = Debug;
		};
		01BD54781E2F4FC5007FC311 /* Release */ = {
			isa = XCBuildConfiguration;
			buildSettings = {
				PRODUCT_NAME = "$(TARGET_NAME)";
			};
			name = Release;
		};
/* End XCBuildConfiguration section */

/* Begin XCConfigurationList section */
		01BD546A1E2F4FC5007FC311 /* Build configuration list for PBXProject "ThreeProject" */ = {
			isa = XCConfigurationList;
			buildConfigurations = (
				01BD54741E2F4FC5007FC311 /* Debug */,
				01BD54751E2F4FC5007FC311 /* Release */,
			);
			defaultConfigurationIsVisible = 0;
			defaultConfigurationName = Release;
		};
		01BD54761E2F4FC5007FC311 /* Build configuration list for PBXNativeTarget "ThreeProject" */ = {
			isa = XCConfigurationList;
			buildConfigurations = (
				01BD54771E2F4FC5007FC311 /* Debug */,
				01BD54781E2F4FC5007FC311 /* Release */,
			);
			defaultConfigurationIsVisible = 0;
			defaultConfigurationName = Release;
		};
/* End XCConfigurationList section */
	};
	rootObject = 01BD54671E2F4FC5007FC311 /* Project object */;
}
