// !$*UTF8*$!
{
	archiveVersion = 1;
	classes = {
	};
	objectVersion = 46;
	objects = {

/* Begin PBXBuildFile section */
		019CC3F61E5FC747005EC0EA /* DataCenter.m in Sources */ = {isa = PBXBuildFile; fileRef = 019CC3F51E5FC747005EC0EA /* DataCenter.m */; };
		019CC3F91E5FCEF6005EC0EA /* ThirdViewController.m in Sources */ = {isa = PBXBuildFile; fileRef = 019CC3F81E5FCEF6005EC0EA /* ThirdViewController.m */; };
		01A7D4B11E498E2300AC4212 /* main.m in Sources */ = {isa = PBXBuildFile; fileRef = 01A7D4B01E498E2300AC4212 /* main.m */; };
		01A7D4B41E498E2300AC4212 /* AppDelegate.m in Sources */ = {isa = PBXBuildFile; fileRef = 01A7D4B31E498E2300AC4212 /* AppDelegate.m */; };
		01A7D4B71E498E2300AC4212 /* ViewController.m in Sources */ = {isa = PBXBuildFile; fileRef = 01A7D4B61E498E2300AC4212 /* ViewController.m */; };
		01A7D4BA1E498E2300AC4212 /* Main.storyboard in Resources */ = {isa = PBXBuildFile; fileRef = 01A7D4B81E498E2300AC4212 /* Main.storyboard */; };
		01A7D4BC1E498E2300AC4212 /* Assets.xcassets in Resources */ = {isa = PBXBuildFile; fileRef = 01A7D4BB1E498E2300AC4212 /* Assets.xcassets */; };
		01A7D4BF1E498E2300AC4212 /* LaunchScreen.storyboard in Resources */ = {isa = PBXBuildFile; fileRef = 01A7D4BD1E498E2300AC4212 /* LaunchScreen.storyboard */; };
		01A7D4CA1E498E2300AC4212 /* LoginTests.m in Sources */ = {isa = PBXBuildFile; fileRef = 01A7D4C91E498E2300AC4212 /* LoginTests.m */; };
		01A7D4D51E498E2300AC4212 /* LoginUITests.m in Sources */ = {isa = PBXBuildFile; fileRef = 01A7D4D41E498E2300AC4212 /* LoginUITests.m */; };
		01C707E51E5AD3FA00308C2D /* SecondViewController.m in Sources */ = {isa = PBXBuildFile; fileRef = 01C707E41E5AD3FA00308C2D /* SecondViewController.m */; };
/* End PBXBuildFile section */

/* Begin PBXContainerItemProxy section */
		01A7D4C61E498E2300AC4212 /* PBXContainerItemProxy */ = {
			isa = PBXContainerItemProxy;
			containerPortal = 01A7D4A41E498E2300AC4212 /* Project object */;
			proxyType = 1;
			remoteGlobalIDString = 01A7D4AB1E498E2300AC4212;
			remoteInfo = Login;
		};
		01A7D4D11E498E2300AC4212 /* PBXContainerItemProxy */ = {
			isa = PBXContainerItemProxy;
			containerPortal = 01A7D4A41E498E2300AC4212 /* Project object */;
			proxyType = 1;
			remoteGlobalIDString = 01A7D4AB1E498E2300AC4212;
			remoteInfo = Login;
		};
/* End PBXContainerItemProxy section */

/* Begin PBXFileReference section */
		019CC3F41E5FC747005EC0EA /* DataCenter.h */ = {isa = PBXFileReference; fileEncoding = 4; lastKnownFileType = sourcecode.c.h; path = DataCenter.h; sourceTree = "<group>"; };
		019CC3F51E5FC747005EC0EA /* DataCenter.m */ = {isa = PBXFileReference; fileEncoding = 4; lastKnownFileType = sourcecode.c.objc; path = DataCenter.m; sourceTree = "<group>"; };
		019CC3F71E5FCEF6005EC0EA /* ThirdViewController.h */ = {isa = PBXFileReference; fileEncoding = 4; lastKnownFileType = sourcecode.c.h; path = ThirdViewController.h; sourceTree = "<group>"; };
		019CC3F81E5FCEF6005EC0EA /* ThirdViewController.m */ = {isa = PBXFileReference; fileEncoding = 4; lastKnownFileType = sourcecode.c.objc; path = ThirdViewController.m; sourceTree = "<group>"; };
		01A7D4AC1E498E2300AC4212 /* Login.app */ = {isa = PBXFileReference; explicitFileType = wrapper.application; includeInIndex = 0; path = Login.app; sourceTree = BUILT_PRODUCTS_DIR; };
		01A7D4B01E498E2300AC4212 /* main.m */ = {isa = PBXFileReference; lastKnownFileType = sourcecode.c.objc; path = main.m; sourceTree = "<group>"; };
		01A7D4B21E498E2300AC4212 /* AppDelegate.h */ = {isa = PBXFileReference; lastKnownFileType = sourcecode.c.h; path = AppDelegate.h; sourceTree = "<group>"; };
		01A7D4B31E498E2300AC4212 /* AppDelegate.m */ = {isa = PBXFileReference; lastKnownFileType = sourcecode.c.objc; path = AppDelegate.m; sourceTree = "<group>"; };
		01A7D4B51E498E2300AC4212 /* ViewController.h */ = {isa = PBXFileReference; lastKnownFileType = sourcecode.c.h; path = ViewController.h; sourceTree = "<group>"; };
		01A7D4B61E498E2300AC4212 /* ViewController.m */ = {isa = PBXFileReference; lastKnownFileType = sourcecode.c.objc; path = ViewController.m; sourceTree = "<group>"; };
		01A7D4B91E498E2300AC4212 /* Base */ = {isa = PBXFileReference; lastKnownFileType = file.storyboard; name = Base; path = Base.lproj/Main.storyboard; sourceTree = "<group>"; };
		01A7D4BB1E498E2300AC4212 /* Assets.xcassets */ = {isa = PBXFileReference; lastKnownFileType = folder.assetcatalog; path = Assets.xcassets; sourceTree = "<group>"; };
		01A7D4BE1E498E2300AC4212 /* Base */ = {isa = PBXFileReference; lastKnownFileType = file.storyboard; name = Base; path = Base.lproj/LaunchScreen.storyboard; sourceTree = "<group>"; };
		01A7D4C01E498E2300AC4212 /* Info.plist */ = {isa = PBXFileReference; lastKnownFileType = text.plist.xml; path = Info.plist; sourceTree = "<group>"; };
		01A7D4C51E498E2300AC4212 /* LoginTests.xctest */ = {isa = PBXFileReference; explicitFileType = wrapper.cfbundle; includeInIndex = 0; path = LoginTests.xctest; sourceTree = BUILT_PRODUCTS_DIR; };
		01A7D4C91E498E2300AC4212 /* LoginTests.m */ = {isa = PBXFileReference; lastKnownFileType = sourcecode.c.objc; path = LoginTests.m; sourceTree = "<group>"; };
		01A7D4CB1E498E2300AC4212 /* Info.plist */ = {isa = PBXFileReference; lastKnownFileType = text.plist.xml; path = Info.plist; sourceTree = "<group>"; };
		01A7D4D01E498E2300AC4212 /* LoginUITests.xctest */ = {isa = PBXFileReference; explicitFileType = wrapper.cfbundle; includeInIndex = 0; path = LoginUITests.xctest; sourceTree = BUILT_PRODUCTS_DIR; };
		01A7D4D41E498E2300AC4212 /* LoginUITests.m */ = {isa = PBXFileReference; lastKnownFileType = sourcecode.c.objc; path = LoginUITests.m; sourceTree = "<group>"; };
		01A7D4D61E498E2300AC4212 /* Info.plist */ = {isa = PBXFileReference; lastKnownFileType = text.plist.xml; path = Info.plist; sourceTree = "<group>"; };
		01C707E31E5AD3FA00308C2D /* SecondViewController.h */ = {isa = PBXFileReference; fileEncoding = 4; lastKnownFileType = sourcecode.c.h; path = SecondViewController.h; sourceTree = "<group>"; };
		01C707E41E5AD3FA00308C2D /* SecondViewController.m */ = {isa = PBXFileReference; fileEncoding = 4; lastKnownFileType = sourcecode.c.objc; path = SecondViewController.m; sourceTree = "<group>"; };
/* End PBXFileReference section */

/* Begin PBXFrameworksBuildPhase section */
		01A7D4A91E498E2300AC4212 /* Frameworks */ = {
			isa = PBXFrameworksBuildPhase;
			buildActionMask = 2147483647;
			files = (
			);
			runOnlyForDeploymentPostprocessing = 0;
		};
		01A7D4C21E498E2300AC4212 /* Frameworks */ = {
			isa = PBXFrameworksBuildPhase;
			buildActionMask = 2147483647;
			files = (
			);
			runOnlyForDeploymentPostprocessing = 0;
		};
		01A7D4CD1E498E2300AC4212 /* Frameworks */ = {
			isa = PBXFrameworksBuildPhase;
			buildActionMask = 2147483647;
			files = (
			);
			runOnlyForDeploymentPostprocessing = 0;
		};
/* End PBXFrameworksBuildPhase section */

/* Begin PBXGroup section */
		01A7D4A31E498E2300AC4212 = {
			isa = PBXGroup;
			children = (
				01A7D4AE1E498E2300AC4212 /* Login */,
				01A7D4C81E498E2300AC4212 /* LoginTests */,
				01A7D4D31E498E2300AC4212 /* LoginUITests */,
				01A7D4AD1E498E2300AC4212 /* Products */,
			);
			sourceTree = "<group>";
		};
		01A7D4AD1E498E2300AC4212 /* Products */ = {
			isa = PBXGroup;
			children = (
				01A7D4AC1E498E2300AC4212 /* Login.app */,
				01A7D4C51E498E2300AC4212 /* LoginTests.xctest */,
				01A7D4D01E498E2300AC4212 /* LoginUITests.xctest */,
			);
			name = Products;
			sourceTree = "<group>";
		};
		01A7D4AE1E498E2300AC4212 /* Login */ = {
			isa = PBXGroup;
			children = (
				01A7D4B21E498E2300AC4212 /* AppDelegate.h */,
				01A7D4B31E498E2300AC4212 /* AppDelegate.m */,
				01A7D4B51E498E2300AC4212 /* ViewController.h */,
				01A7D4B61E498E2300AC4212 /* ViewController.m */,
				01C707E31E5AD3FA00308C2D /* SecondViewController.h */,
				01C707E41E5AD3FA00308C2D /* SecondViewController.m */,
				019CC3F71E5FCEF6005EC0EA /* ThirdViewController.h */,
				019CC3F81E5FCEF6005EC0EA /* ThirdViewController.m */,
				019CC3F41E5FC747005EC0EA /* DataCenter.h */,
				019CC3F51E5FC747005EC0EA /* DataCenter.m */,
				01A7D4B81E498E2300AC4212 /* Main.storyboard */,
				01A7D4BB1E498E2300AC4212 /* Assets.xcassets */,
				01A7D4BD1E498E2300AC4212 /* LaunchScreen.storyboard */,
				01A7D4C01E498E2300AC4212 /* Info.plist */,
				01A7D4AF1E498E2300AC4212 /* Supporting Files */,
			);
			path = Login;
			sourceTree = "<group>";
		};
		01A7D4AF1E498E2300AC4212 /* Supporting Files */ = {
			isa = PBXGroup;
			children = (
				01A7D4B01E498E2300AC4212 /* main.m */,
			);
			name = "Supporting Files";
			sourceTree = "<group>";
		};
		01A7D4C81E498E2300AC4212 /* LoginTests */ = {
			isa = PBXGroup;
			children = (
				01A7D4C91E498E2300AC4212 /* LoginTests.m */,
				01A7D4CB1E498E2300AC4212 /* Info.plist */,
			);
			path = LoginTests;
			sourceTree = "<group>";
		};
		01A7D4D31E498E2300AC4212 /* LoginUITests */ = {
			isa = PBXGroup;
			children = (
				01A7D4D41E498E2300AC4212 /* LoginUITests.m */,
				01A7D4D61E498E2300AC4212 /* Info.plist */,
			);
			path = LoginUITests;
			sourceTree = "<group>";
		};
/* End PBXGroup section */

/* Begin PBXNativeTarget section */
		01A7D4AB1E498E2300AC4212 /* Login */ = {
			isa = PBXNativeTarget;
			buildConfigurationList = 01A7D4D91E498E2300AC4212 /* Build configuration list for PBXNativeTarget "Login" */;
			buildPhases = (
				01A7D4A81E498E2300AC4212 /* Sources */,
				01A7D4A91E498E2300AC4212 /* Frameworks */,
				01A7D4AA1E498E2300AC4212 /* Resources */,
			);
			buildRules = (
			);
			dependencies = (
			);
			name = Login;
			productName = Login;
			productReference = 01A7D4AC1E498E2300AC4212 /* Login.app */;
			productType = "com.apple.product-type.application";
		};
		01A7D4C41E498E2300AC4212 /* LoginTests */ = {
			isa = PBXNativeTarget;
			buildConfigurationList = 01A7D4DC1E498E2300AC4212 /* Build configuration list for PBXNativeTarget "LoginTests" */;
			buildPhases = (
				01A7D4C11E498E2300AC4212 /* Sources */,
				01A7D4C21E498E2300AC4212 /* Frameworks */,
				01A7D4C31E498E2300AC4212 /* Resources */,
			);
			buildRules = (
			);
			dependencies = (
				01A7D4C71E498E2300AC4212 /* PBXTargetDependency */,
			);
			name = LoginTests;
			productName = LoginTests;
			productReference = 01A7D4C51E498E2300AC4212 /* LoginTests.xctest */;
			productType = "com.apple.product-type.bundle.unit-test";
		};
		01A7D4CF1E498E2300AC4212 /* LoginUITests */ = {
			isa = PBXNativeTarget;
			buildConfigurationList = 01A7D4DF1E498E2300AC4212 /* Build configuration list for PBXNativeTarget "LoginUITests" */;
			buildPhases = (
				01A7D4CC1E498E2300AC4212 /* Sources */,
				01A7D4CD1E498E2300AC4212 /* Frameworks */,
				01A7D4CE1E498E2300AC4212 /* Resources */,
			);
			buildRules = (
			);
			dependencies = (
				01A7D4D21E498E2300AC4212 /* PBXTargetDependency */,
			);
			name = LoginUITests;
			productName = LoginUITests;
			productReference = 01A7D4D01E498E2300AC4212 /* LoginUITests.xctest */;
			productType = "com.apple.product-type.bundle.ui-testing";
		};
/* End PBXNativeTarget section */

/* Begin PBXProject section */
		01A7D4A41E498E2300AC4212 /* Project object */ = {
			isa = PBXProject;
			attributes = {
				LastUpgradeCheck = 0820;
				ORGANIZATIONNAME = BaekJin.Cho;
				TargetAttributes = {
					01A7D4AB1E498E2300AC4212 = {
						CreatedOnToolsVersion = 8.2.1;
						ProvisioningStyle = Automatic;
					};
					01A7D4C41E498E2300AC4212 = {
						CreatedOnToolsVersion = 8.2.1;
						ProvisioningStyle = Automatic;
						TestTargetID = 01A7D4AB1E498E2300AC4212;
					};
					01A7D4CF1E498E2300AC4212 = {
						CreatedOnToolsVersion = 8.2.1;
						ProvisioningStyle = Automatic;
						TestTargetID = 01A7D4AB1E498E2300AC4212;
					};
				};
			};
			buildConfigurationList = 01A7D4A71E498E2300AC4212 /* Build configuration list for PBXProject "Login" */;
			compatibilityVersion = "Xcode 3.2";
			developmentRegion = English;
			hasScannedForEncodings = 0;
			knownRegions = (
				en,
				Base,
			);
			mainGroup = 01A7D4A31E498E2300AC4212;
			productRefGroup = 01A7D4AD1E498E2300AC4212 /* Products */;
			projectDirPath = "";
			projectRoot = "";
			targets = (
				01A7D4AB1E498E2300AC4212 /* Login */,
				01A7D4C41E498E2300AC4212 /* LoginTests */,
				01A7D4CF1E498E2300AC4212 /* LoginUITests */,
			);
		};
/* End PBXProject section */

/* Begin PBXResourcesBuildPhase section */
		01A7D4AA1E498E2300AC4212 /* Resources */ = {
			isa = PBXResourcesBuildPhase;
			buildActionMask = 2147483647;
			files = (
				01A7D4BF1E498E2300AC4212 /* LaunchScreen.storyboard in Resources */,
				01A7D4BC1E498E2300AC4212 /* Assets.xcassets in Resources */,
				01A7D4BA1E498E2300AC4212 /* Main.storyboard in Resources */,
			);
			runOnlyForDeploymentPostprocessing = 0;
		};
		01A7D4C31E498E2300AC4212 /* Resources */ = {
			isa = PBXResourcesBuildPhase;
			buildActionMask = 2147483647;
			files = (
			);
			runOnlyForDeploymentPostprocessing = 0;
		};
		01A7D4CE1E498E2300AC4212 /* Resources */ = {
			isa = PBXResourcesBuildPhase;
			buildActionMask = 2147483647;
			files = (
			);
			runOnlyForDeploymentPostprocessing = 0;
		};
/* End PBXResourcesBuildPhase section */

/* Begin PBXSourcesBuildPhase section */
		01A7D4A81E498E2300AC4212 /* Sources */ = {
			isa = PBXSourcesBuildPhase;
			buildActionMask = 2147483647;
			files = (
				01C707E51E5AD3FA00308C2D /* SecondViewController.m in Sources */,
				019CC3F61E5FC747005EC0EA /* DataCenter.m in Sources */,
				019CC3F91E5FCEF6005EC0EA /* ThirdViewController.m in Sources */,
				01A7D4B71E498E2300AC4212 /* ViewController.m in Sources */,
				01A7D4B41E498E2300AC4212 /* AppDelegate.m in Sources */,
				01A7D4B11E498E2300AC4212 /* main.m in Sources */,
			);
			runOnlyForDeploymentPostprocessing = 0;
		};
		01A7D4C11E498E2300AC4212 /* Sources */ = {
			isa = PBXSourcesBuildPhase;
			buildActionMask = 2147483647;
			files = (
				01A7D4CA1E498E2300AC4212 /* LoginTests.m in Sources */,
			);
			runOnlyForDeploymentPostprocessing = 0;
		};
		01A7D4CC1E498E2300AC4212 /* Sources */ = {
			isa = PBXSourcesBuildPhase;
			buildActionMask = 2147483647;
			files = (
				01A7D4D51E498E2300AC4212 /* LoginUITests.m in Sources */,
			);
			runOnlyForDeploymentPostprocessing = 0;
		};
/* End PBXSourcesBuildPhase section */

/* Begin PBXTargetDependency section */
		01A7D4C71E498E2300AC4212 /* PBXTargetDependency */ = {
			isa = PBXTargetDependency;
			target = 01A7D4AB1E498E2300AC4212 /* Login */;
			targetProxy = 01A7D4C61E498E2300AC4212 /* PBXContainerItemProxy */;
		};
		01A7D4D21E498E2300AC4212 /* PBXTargetDependency */ = {
			isa = PBXTargetDependency;
			target = 01A7D4AB1E498E2300AC4212 /* Login */;
			targetProxy = 01A7D4D11E498E2300AC4212 /* PBXContainerItemProxy */;
		};
/* End PBXTargetDependency section */

/* Begin PBXVariantGroup section */
		01A7D4B81E498E2300AC4212 /* Main.storyboard */ = {
			isa = PBXVariantGroup;
			children = (
				01A7D4B91E498E2300AC4212 /* Base */,
			);
			name = Main.storyboard;
			sourceTree = "<group>";
		};
		01A7D4BD1E498E2300AC4212 /* LaunchScreen.storyboard */ = {
			isa = PBXVariantGroup;
			children = (
				01A7D4BE1E498E2300AC4212 /* Base */,
			);
			name = LaunchScreen.storyboard;
			sourceTree = "<group>";
		};
/* End PBXVariantGroup section */

/* Begin XCBuildConfiguration section */
		01A7D4D71E498E2300AC4212 /* Debug */ = {
			isa = XCBuildConfiguration;
			buildSettings = {
				ALWAYS_SEARCH_USER_PATHS = NO;
				CLANG_ANALYZER_NONNULL = YES;
				CLANG_CXX_LANGUAGE_STANDARD = "gnu++0x";
				CLANG_CXX_LIBRARY = "libc++";
				CLANG_ENABLE_MODULES = YES;
				CLANG_ENABLE_OBJC_ARC = YES;
				CLANG_WARN_BOOL_CONVERSION = YES;
				CLANG_WARN_CONSTANT_CONVERSION = YES;
				CLANG_WARN_DIRECT_OBJC_ISA_USAGE = YES_ERROR;
				CLANG_WARN_DOCUMENTATION_COMMENTS = YES;
				CLANG_WARN_EMPTY_BODY = YES;
				CLANG_WARN_ENUM_CONVERSION = YES;
				CLANG_WARN_INFINITE_RECURSION = YES;
				CLANG_WARN_INT_CONVERSION = YES;
				CLANG_WARN_OBJC_ROOT_CLASS = YES_ERROR;
				CLANG_WARN_SUSPICIOUS_MOVE = YES;
				CLANG_WARN_UNREACHABLE_CODE = YES;
				CLANG_WARN__DUPLICATE_METHOD_MATCH = YES;
				"CODE_SIGN_IDENTITY[sdk=iphoneos*]" = "iPhone Developer";
				COPY_PHASE_STRIP = NO;
				DEBUG_INFORMATION_FORMAT = dwarf;
				ENABLE_STRICT_OBJC_MSGSEND = YES;
				ENABLE_TESTABILITY = YES;
				GCC_C_LANGUAGE_STANDARD = gnu99;
				GCC_DYNAMIC_NO_PIC = NO;
				GCC_NO_COMMON_BLOCKS = YES;
				GCC_OPTIMIZATION_LEVEL = 0;
				GCC_PREPROCESSOR_DEFINITIONS = (
					"DEBUG=1",
					"$(inherited)",
				);
				GCC_WARN_64_TO_32_BIT_CONVERSION = YES;
				GCC_WARN_ABOUT_RETURN_TYPE = YES_ERROR;
				GCC_WARN_UNDECLARED_SELECTOR = YES;
				GCC_WARN_UNINITIALIZED_AUTOS = YES_AGGRESSIVE;
				GCC_WARN_UNUSED_FUNCTION = YES;
				GCC_WARN_UNUSED_VARIABLE = YES;
				IPHONEOS_DEPLOYMENT_TARGET = 10.2;
				MTL_ENABLE_DEBUG_INFO = YES;
				ONLY_ACTIVE_ARCH = YES;
				SDKROOT = iphoneos;
			};
			name = Debug;
		};
		01A7D4D81E498E2300AC4212 /* Release */ = {
			isa = XCBuildConfiguration;
			buildSettings = {
				ALWAYS_SEARCH_USER_PATHS = NO;
				CLANG_ANALYZER_NONNULL = YES;
				CLANG_CXX_LANGUAGE_STANDARD = "gnu++0x";
				CLANG_CXX_LIBRARY = "libc++";
				CLANG_ENABLE_MODULES = YES;
				CLANG_ENABLE_OBJC_ARC = YES;
				CLANG_WARN_BOOL_CONVERSION = YES;
				CLANG_WARN_CONSTANT_CONVERSION = YES;
				CLANG_WARN_DIRECT_OBJC_ISA_USAGE = YES_ERROR;
				CLANG_WARN_DOCUMENTATION_COMMENTS = YES;
				CLANG_WARN_EMPTY_BODY = YES;
				CLANG_WARN_ENUM_CONVERSION = YES;
				CLANG_WARN_INFINITE_RECURSION = YES;
				CLANG_WARN_INT_CONVERSION = YES;
				CLANG_WARN_OBJC_ROOT_CLASS = YES_ERROR;
				CLANG_WARN_SUSPICIOUS_MOVE = YES;
				CLANG_WARN_UNREACHABLE_CODE = YES;
				CLANG_WARN__DUPLICATE_METHOD_MATCH = YES;
				"CODE_SIGN_IDENTITY[sdk=iphoneos*]" = "iPhone Developer";
				COPY_PHASE_STRIP = NO;
				DEBUG_INFORMATION_FORMAT = "dwarf-with-dsym";
				ENABLE_NS_ASSERTIONS = NO;
				ENABLE_STRICT_OBJC_MSGSEND = YES;
				GCC_C_LANGUAGE_STANDARD = gnu99;
				GCC_NO_COMMON_BLOCKS = YES;
				GCC_WARN_64_TO_32_BIT_CONVERSION = YES;
				GCC_WARN_ABOUT_RETURN_TYPE = YES_ERROR;
				GCC_WARN_UNDECLARED_SELECTOR = YES;
				GCC_WARN_UNINITIALIZED_AUTOS = YES_AGGRESSIVE;
				GCC_WARN_UNUSED_FUNCTION = YES;
				GCC_WARN_UNUSED_VARIABLE = YES;
				IPHONEOS_DEPLOYMENT_TARGET = 10.2;
				MTL_ENABLE_DEBUG_INFO = NO;
				SDKROOT = iphoneos;
				VALIDATE_PRODUCT = YES;
			};
			name = Release;
		};
		01A7D4DA1E498E2300AC4212 /* Debug */ = {
			isa = XCBuildConfiguration;
			buildSettings = {
				ASSETCATALOG_COMPILER_APPICON_NAME = AppIcon;
				INFOPLIST_FILE = Login/Info.plist;
				LD_RUNPATH_SEARCH_PATHS = "$(inherited) @executable_path/Frameworks";
				PRODUCT_BUNDLE_IDENTIFIER = com.BaekJin.develop.Login;
				PRODUCT_NAME = "$(TARGET_NAME)";
			};
			name = Debug;
		};
		01A7D4DB1E498E2300AC4212 /* Release */ = {
			isa = XCBuildConfiguration;
			buildSettings = {
				ASSETCATALOG_COMPILER_APPICON_NAME = AppIcon;
				INFOPLIST_FILE = Login/Info.plist;
				LD_RUNPATH_SEARCH_PATHS = "$(inherited) @executable_path/Frameworks";
				PRODUCT_BUNDLE_IDENTIFIER = com.BaekJin.develop.Login;
				PRODUCT_NAME = "$(TARGET_NAME)";
			};
			name = Release;
		};
		01A7D4DD1E498E2300AC4212 /* Debug */ = {
			isa = XCBuildConfiguration;
			buildSettings = {
				BUNDLE_LOADER = "$(TEST_HOST)";
				INFOPLIST_FILE = LoginTests/Info.plist;
				LD_RUNPATH_SEARCH_PATHS = "$(inherited) @executable_path/Frameworks @loader_path/Frameworks";
				PRODUCT_BUNDLE_IDENTIFIER = com.BaekJin.develop.LoginTests;
				PRODUCT_NAME = "$(TARGET_NAME)";
				TEST_HOST = "$(BUILT_PRODUCTS_DIR)/Login.app/Login";
			};
			name = Debug;
		};
		01A7D4DE1E498E2300AC4212 /* Release */ = {
			isa = XCBuildConfiguration;
			buildSettings = {
				BUNDLE_LOADER = "$(TEST_HOST)";
				INFOPLIST_FILE = LoginTests/Info.plist;
				LD_RUNPATH_SEARCH_PATHS = "$(inherited) @executable_path/Frameworks @loader_path/Frameworks";
				PRODUCT_BUNDLE_IDENTIFIER = com.BaekJin.develop.LoginTests;
				PRODUCT_NAME = "$(TARGET_NAME)";
				TEST_HOST = "$(BUILT_PRODUCTS_DIR)/Login.app/Login";
			};
			name = Release;
		};
		01A7D4E01E498E2300AC4212 /* Debug */ = {
			isa = XCBuildConfiguration;
			buildSettings = {
				INFOPLIST_FILE = LoginUITests/Info.plist;
				LD_RUNPATH_SEARCH_PATHS = "$(inherited) @executable_path/Frameworks @loader_path/Frameworks";
				PRODUCT_BUNDLE_IDENTIFIER = com.BaekJin.develop.LoginUITests;
				PRODUCT_NAME = "$(TARGET_NAME)";
				TEST_TARGET_NAME = Login;
			};
			name = Debug;
		};
		01A7D4E11E498E2300AC4212 /* Release */ = {
			isa = XCBuildConfiguration;
			buildSettings = {
				INFOPLIST_FILE = LoginUITests/Info.plist;
				LD_RUNPATH_SEARCH_PATHS = "$(inherited) @executable_path/Frameworks @loader_path/Frameworks";
				PRODUCT_BUNDLE_IDENTIFIER = com.BaekJin.develop.LoginUITests;
				PRODUCT_NAME = "$(TARGET_NAME)";
				TEST_TARGET_NAME = Login;
			};
			name = Release;
		};
/* End XCBuildConfiguration section */

/* Begin XCConfigurationList section */
		01A7D4A71E498E2300AC4212 /* Build configuration list for PBXProject "Login" */ = {
			isa = XCConfigurationList;
			buildConfigurations = (
				01A7D4D71E498E2300AC4212 /* Debug */,
				01A7D4D81E498E2300AC4212 /* Release */,
			);
			defaultConfigurationIsVisible = 0;
			defaultConfigurationName = Release;
		};
		01A7D4D91E498E2300AC4212 /* Build configuration list for PBXNativeTarget "Login" */ = {
			isa = XCConfigurationList;
			buildConfigurations = (
				01A7D4DA1E498E2300AC4212 /* Debug */,
				01A7D4DB1E498E2300AC4212 /* Release */,
			);
			defaultConfigurationIsVisible = 0;
			defaultConfigurationName = Release;
		};
		01A7D4DC1E498E2300AC4212 /* Build configuration list for PBXNativeTarget "LoginTests" */ = {
			isa = XCConfigurationList;
			buildConfigurations = (
				01A7D4DD1E498E2300AC4212 /* Debug */,
				01A7D4DE1E498E2300AC4212 /* Release */,
			);
			defaultConfigurationIsVisible = 0;
			defaultConfigurationName = Release;
		};
		01A7D4DF1E498E2300AC4212 /* Build configuration list for PBXNativeTarget "LoginUITests" */ = {
			isa = XCConfigurationList;
			buildConfigurations = (
				01A7D4E01E498E2300AC4212 /* Debug */,
				01A7D4E11E498E2300AC4212 /* Release */,
			);
			defaultConfigurationIsVisible = 0;
			defaultConfigurationName = Release;
		};
/* End XCConfigurationList section */
	};
	rootObject = 01A7D4A41E498E2300AC4212 /* Project object */;
}
