// !$*UTF8*$!
{
	archiveVersion = 1;
	classes = {
	};
	objectVersion = 46;
	objects = {

/* Begin PBXBuildFile section */
		014099631E35D4C0001A99CC /* main.m in Sources */ = {isa = PBXBuildFile; fileRef = 014099621E35D4C0001A99CC /* main.m */; };
		0140996B1E35D4E2001A99CC /* DimensionalShapes.m in Sources */ = {isa = PBXBuildFile; fileRef = 0140996A1E35D4E2001A99CC /* DimensionalShapes.m */; };
		0140996E1E35D5BA001A99CC /* Square.m in Sources */ = {isa = PBXBuildFile; fileRef = 0140996D1E35D5BA001A99CC /* Square.m */; };
		014099711E363832001A99CC /* Rectangle.m in Sources */ = {isa = PBXBuildFile; fileRef = 014099701E363832001A99CC /* Rectangle.m */; };
		014099741E363842001A99CC /* Circle.m in Sources */ = {isa = PBXBuildFile; fileRef = 014099731E363842001A99CC /* Circle.m */; };
		014099771E363852001A99CC /* Triangle.m in Sources */ = {isa = PBXBuildFile; fileRef = 014099761E363852001A99CC /* Triangle.m */; };
		0140997A1E363881001A99CC /* Trapezoid.m in Sources */ = {isa = PBXBuildFile; fileRef = 014099791E363881001A99CC /* Trapezoid.m */; };
		0140997D1E36388C001A99CC /* Cube.m in Sources */ = {isa = PBXBuildFile; fileRef = 0140997C1E36388C001A99CC /* Cube.m */; };
		014099801E3638A9001A99CC /* RectangularSolid.m in Sources */ = {isa = PBXBuildFile; fileRef = 0140997F1E3638A9001A99CC /* RectangularSolid.m */; };
		014099831E3638BA001A99CC /* CircularCylinder.m in Sources */ = {isa = PBXBuildFile; fileRef = 014099821E3638BA001A99CC /* CircularCylinder.m */; };
		014099861E3638C7001A99CC /* Sphere.m in Sources */ = {isa = PBXBuildFile; fileRef = 014099851E3638C7001A99CC /* Sphere.m */; };
		014099891E3638CF001A99CC /* Cone.m in Sources */ = {isa = PBXBuildFile; fileRef = 014099881E3638CF001A99CC /* Cone.m */; };
/* End PBXBuildFile section */

/* Begin PBXCopyFilesBuildPhase section */
		0140995D1E35D4C0001A99CC /* CopyFiles */ = {
			isa = PBXCopyFilesBuildPhase;
			buildActionMask = 2147483647;
			dstPath = /usr/share/man/man1/;
			dstSubfolderSpec = 0;
			files = (
			);
			runOnlyForDeploymentPostprocessing = 1;
		};
/* End PBXCopyFilesBuildPhase section */

/* Begin PBXFileReference section */
		0140995F1E35D4C0001A99CC /* DimensionalShapes */ = {isa = PBXFileReference; explicitFileType = "compiled.mach-o.executable"; includeInIndex = 0; path = DimensionalShapes; sourceTree = BUILT_PRODUCTS_DIR; };
		014099621E35D4C0001A99CC /* main.m */ = {isa = PBXFileReference; lastKnownFileType = sourcecode.c.objc; path = main.m; sourceTree = "<group>"; };
		014099691E35D4E2001A99CC /* DimensionalShapes.h */ = {isa = PBXFileReference; fileEncoding = 4; lastKnownFileType = sourcecode.c.h; path = DimensionalShapes.h; sourceTree = "<group>"; };
		0140996A1E35D4E2001A99CC /* DimensionalShapes.m */ = {isa = PBXFileReference; fileEncoding = 4; lastKnownFileType = sourcecode.c.objc; path = DimensionalShapes.m; sourceTree = "<group>"; };
		0140996C1E35D5BA001A99CC /* Square.h */ = {isa = PBXFileReference; fileEncoding = 4; lastKnownFileType = sourcecode.c.h; path = Square.h; sourceTree = "<group>"; };
		0140996D1E35D5BA001A99CC /* Square.m */ = {isa = PBXFileReference; fileEncoding = 4; lastKnownFileType = sourcecode.c.objc; path = Square.m; sourceTree = "<group>"; };
		0140996F1E363832001A99CC /* Rectangle.h */ = {isa = PBXFileReference; fileEncoding = 4; lastKnownFileType = sourcecode.c.h; path = Rectangle.h; sourceTree = "<group>"; };
		014099701E363832001A99CC /* Rectangle.m */ = {isa = PBXFileReference; fileEncoding = 4; lastKnownFileType = sourcecode.c.objc; path = Rectangle.m; sourceTree = "<group>"; };
		014099721E363842001A99CC /* Circle.h */ = {isa = PBXFileReference; fileEncoding = 4; lastKnownFileType = sourcecode.c.h; path = Circle.h; sourceTree = "<group>"; };
		014099731E363842001A99CC /* Circle.m */ = {isa = PBXFileReference; fileEncoding = 4; lastKnownFileType = sourcecode.c.objc; path = Circle.m; sourceTree = "<group>"; };
		014099751E363852001A99CC /* Triangle.h */ = {isa = PBXFileReference; fileEncoding = 4; lastKnownFileType = sourcecode.c.h; path = Triangle.h; sourceTree = "<group>"; };
		014099761E363852001A99CC /* Triangle.m */ = {isa = PBXFileReference; fileEncoding = 4; lastKnownFileType = sourcecode.c.objc; path = Triangle.m; sourceTree = "<group>"; };
		014099781E363881001A99CC /* Trapezoid.h */ = {isa = PBXFileReference; fileEncoding = 4; lastKnownFileType = sourcecode.c.h; path = Trapezoid.h; sourceTree = "<group>"; };
		014099791E363881001A99CC /* Trapezoid.m */ = {isa = PBXFileReference; fileEncoding = 4; lastKnownFileType = sourcecode.c.objc; path = Trapezoid.m; sourceTree = "<group>"; };
		0140997B1E36388C001A99CC /* Cube.h */ = {isa = PBXFileReference; fileEncoding = 4; lastKnownFileType = sourcecode.c.h; path = Cube.h; sourceTree = "<group>"; };
		0140997C1E36388C001A99CC /* Cube.m */ = {isa = PBXFileReference; fileEncoding = 4; lastKnownFileType = sourcecode.c.objc; path = Cube.m; sourceTree = "<group>"; };
		0140997E1E3638A9001A99CC /* RectangularSolid.h */ = {isa = PBXFileReference; fileEncoding = 4; lastKnownFileType = sourcecode.c.h; path = RectangularSolid.h; sourceTree = "<group>"; };
		0140997F1E3638A9001A99CC /* RectangularSolid.m */ = {isa = PBXFileReference; fileEncoding = 4; lastKnownFileType = sourcecode.c.objc; path = RectangularSolid.m; sourceTree = "<group>"; };
		014099811E3638BA001A99CC /* CircularCylinder.h */ = {isa = PBXFileReference; fileEncoding = 4; lastKnownFileType = sourcecode.c.h; path = CircularCylinder.h; sourceTree = "<group>"; };
		014099821E3638BA001A99CC /* CircularCylinder.m */ = {isa = PBXFileReference; fileEncoding = 4; lastKnownFileType = sourcecode.c.objc; path = CircularCylinder.m; sourceTree = "<group>"; };
		014099841E3638C7001A99CC /* Sphere.h */ = {isa = PBXFileReference; fileEncoding = 4; lastKnownFileType = sourcecode.c.h; path = Sphere.h; sourceTree = "<group>"; };
		014099851E3638C7001A99CC /* Sphere.m */ = {isa = PBXFileReference; fileEncoding = 4; lastKnownFileType = sourcecode.c.objc; path = Sphere.m; sourceTree = "<group>"; };
		014099871E3638CF001A99CC /* Cone.h */ = {isa = PBXFileReference; fileEncoding = 4; lastKnownFileType = sourcecode.c.h; path = Cone.h; sourceTree = "<group>"; };
		014099881E3638CF001A99CC /* Cone.m */ = {isa = PBXFileReference; fileEncoding = 4; lastKnownFileType = sourcecode.c.objc; path = Cone.m; sourceTree = "<group>"; };
/* End PBXFileReference section */

/* Begin PBXFrameworksBuildPhase section */
		0140995C1E35D4C0001A99CC /* Frameworks */ = {
			isa = PBXFrameworksBuildPhase;
			buildActionMask = 2147483647;
			files = (
			);
			runOnlyForDeploymentPostprocessing = 0;
		};
/* End PBXFrameworksBuildPhase section */

/* Begin PBXGroup section */
		014099561E35D4C0001A99CC = {
			isa = PBXGroup;
			children = (
				014099611E35D4C0001A99CC /* DimensionalShapes */,
				014099601E35D4C0001A99CC /* Products */,
			);
			sourceTree = "<group>";
		};
		014099601E35D4C0001A99CC /* Products */ = {
			isa = PBXGroup;
			children = (
				0140995F1E35D4C0001A99CC /* DimensionalShapes */,
			);
			name = Products;
			sourceTree = "<group>";
		};
		014099611E35D4C0001A99CC /* DimensionalShapes */ = {
			isa = PBXGroup;
			children = (
				014099621E35D4C0001A99CC /* main.m */,
				014099691E35D4E2001A99CC /* DimensionalShapes.h */,
				0140996A1E35D4E2001A99CC /* DimensionalShapes.m */,
				0140996C1E35D5BA001A99CC /* Square.h */,
				0140996D1E35D5BA001A99CC /* Square.m */,
				0140996F1E363832001A99CC /* Rectangle.h */,
				014099701E363832001A99CC /* Rectangle.m */,
				014099721E363842001A99CC /* Circle.h */,
				014099731E363842001A99CC /* Circle.m */,
				014099751E363852001A99CC /* Triangle.h */,
				014099761E363852001A99CC /* Triangle.m */,
				014099781E363881001A99CC /* Trapezoid.h */,
				014099791E363881001A99CC /* Trapezoid.m */,
				0140997B1E36388C001A99CC /* Cube.h */,
				0140997C1E36388C001A99CC /* Cube.m */,
				0140997E1E3638A9001A99CC /* RectangularSolid.h */,
				0140997F1E3638A9001A99CC /* RectangularSolid.m */,
				014099811E3638BA001A99CC /* CircularCylinder.h */,
				014099821E3638BA001A99CC /* CircularCylinder.m */,
				014099841E3638C7001A99CC /* Sphere.h */,
				014099851E3638C7001A99CC /* Sphere.m */,
				014099871E3638CF001A99CC /* Cone.h */,
				014099881E3638CF001A99CC /* Cone.m */,
			);
			path = DimensionalShapes;
			sourceTree = "<group>";
		};
/* End PBXGroup section */

/* Begin PBXNativeTarget section */
		0140995E1E35D4C0001A99CC /* DimensionalShapes */ = {
			isa = PBXNativeTarget;
			buildConfigurationList = 014099661E35D4C0001A99CC /* Build configuration list for PBXNativeTarget "DimensionalShapes" */;
			buildPhases = (
				0140995B1E35D4C0001A99CC /* Sources */,
				0140995C1E35D4C0001A99CC /* Frameworks */,
				0140995D1E35D4C0001A99CC /* CopyFiles */,
			);
			buildRules = (
			);
			dependencies = (
			);
			name = DimensionalShapes;
			productName = DimensionalShapes;
			productReference = 0140995F1E35D4C0001A99CC /* DimensionalShapes */;
			productType = "com.apple.product-type.tool";
		};
/* End PBXNativeTarget section */

/* Begin PBXProject section */
		014099571E35D4C0001A99CC /* Project object */ = {
			isa = PBXProject;
			attributes = {
				LastUpgradeCheck = 0820;
				ORGANIZATIONNAME = BaekJin.Cho;
				TargetAttributes = {
					0140995E1E35D4C0001A99CC = {
						CreatedOnToolsVersion = 8.2.1;
						ProvisioningStyle = Automatic;
					};
				};
			};
			buildConfigurationList = 0140995A1E35D4C0001A99CC /* Build configuration list for PBXProject "DimensionalShapes" */;
			compatibilityVersion = "Xcode 3.2";
			developmentRegion = English;
			hasScannedForEncodings = 0;
			knownRegions = (
				en,
			);
			mainGroup = 014099561E35D4C0001A99CC;
			productRefGroup = 014099601E35D4C0001A99CC /* Products */;
			projectDirPath = "";
			projectRoot = "";
			targets = (
				0140995E1E35D4C0001A99CC /* DimensionalShapes */,
			);
		};
/* End PBXProject section */

/* Begin PBXSourcesBuildPhase section */
		0140995B1E35D4C0001A99CC /* Sources */ = {
			isa = PBXSourcesBuildPhase;
			buildActionMask = 2147483647;
			files = (
				0140997D1E36388C001A99CC /* Cube.m in Sources */,
				0140996E1E35D5BA001A99CC /* Square.m in Sources */,
				014099831E3638BA001A99CC /* CircularCylinder.m in Sources */,
				014099801E3638A9001A99CC /* RectangularSolid.m in Sources */,
				014099631E35D4C0001A99CC /* main.m in Sources */,
				014099861E3638C7001A99CC /* Sphere.m in Sources */,
				014099741E363842001A99CC /* Circle.m in Sources */,
				0140997A1E363881001A99CC /* Trapezoid.m in Sources */,
				0140996B1E35D4E2001A99CC /* DimensionalShapes.m in Sources */,
				014099711E363832001A99CC /* Rectangle.m in Sources */,
				014099891E3638CF001A99CC /* Cone.m in Sources */,
				014099771E363852001A99CC /* Triangle.m in Sources */,
			);
			runOnlyForDeploymentPostprocessing = 0;
		};
/* End PBXSourcesBuildPhase section */

/* Begin XCBuildConfiguration section */
		014099641E35D4C0001A99CC /* Debug */ = {
			isa = XCBuildConfiguration;
			buildSettings = {
				ALWAYS_SEARCH_USER_PATHS = NO;
				CLANG_ANALYZER_NONNULL = YES;
				CLANG_CXX_LANGUAGE_STANDARD = "gnu++0x";
				CLANG_CXX_LIBRARY = "libc++";
				CLANG_ENABLE_MODULES = YES;
				CLANG_ENABLE_OBJC_ARC = YES;
				CLANG_WARN_BOOL_CONVERSION = YES;
				CLANG_WARN_CONSTANT_CONVERSION = YES;
				CLANG_WARN_DIRECT_OBJC_ISA_USAGE = YES_ERROR;
				CLANG_WARN_DOCUMENTATION_COMMENTS = YES;
				CLANG_WARN_EMPTY_BODY = YES;
				CLANG_WARN_ENUM_CONVERSION = YES;
				CLANG_WARN_INFINITE_RECURSION = YES;
				CLANG_WARN_INT_CONVERSION = YES;
				CLANG_WARN_OBJC_ROOT_CLASS = YES_ERROR;
				CLANG_WARN_SUSPICIOUS_MOVE = YES;
				CLANG_WARN_UNREACHABLE_CODE = YES;
				CLANG_WARN__DUPLICATE_METHOD_MATCH = YES;
				CODE_SIGN_IDENTITY = "-";
				COPY_PHASE_STRIP = NO;
				DEBUG_INFORMATION_FORMAT = dwarf;
				ENABLE_STRICT_OBJC_MSGSEND = YES;
				ENABLE_TESTABILITY = YES;
				GCC_C_LANGUAGE_STANDARD = gnu99;
				GCC_DYNAMIC_NO_PIC = NO;
				GCC_NO_COMMON_BLOCKS = YES;
				GCC_OPTIMIZATION_LEVEL = 0;
				GCC_PREPROCESSOR_DEFINITIONS = (
					"DEBUG=1",
					"$(inherited)",
				);
				GCC_WARN_64_TO_32_BIT_CONVERSION = YES;
				GCC_WARN_ABOUT_RETURN_TYPE = YES_ERROR;
				GCC_WARN_UNDECLARED_SELECTOR = YES;
				GCC_WARN_UNINITIALIZED_AUTOS = YES_AGGRESSIVE;
				GCC_WARN_UNUSED_FUNCTION = YES;
				GCC_WARN_UNUSED_VARIABLE = YES;
				MACOSX_DEPLOYMENT_TARGET = 10.12;
				MTL_ENABLE_DEBUG_INFO = YES;
				ONLY_ACTIVE_ARCH = YES;
				SDKROOT = macosx;
			};
			name = Debug;
		};
		014099651E35D4C0001A99CC /* Release */ = {
			isa = XCBuildConfiguration;
			buildSettings = {
				ALWAYS_SEARCH_USER_PATHS = NO;
				CLANG_ANALYZER_NONNULL = YES;
				CLANG_CXX_LANGUAGE_STANDARD = "gnu++0x";
				CLANG_CXX_LIBRARY = "libc++";
				CLANG_ENABLE_MODULES = YES;
				CLANG_ENABLE_OBJC_ARC = YES;
				CLANG_WARN_BOOL_CONVERSION = YES;
				CLANG_WARN_CONSTANT_CONVERSION = YES;
				CLANG_WARN_DIRECT_OBJC_ISA_USAGE = YES_ERROR;
				CLANG_WARN_DOCUMENTATION_COMMENTS = YES;
				CLANG_WARN_EMPTY_BODY = YES;
				CLANG_WARN_ENUM_CONVERSION = YES;
				CLANG_WARN_INFINITE_RECURSION = YES;
				CLANG_WARN_INT_CONVERSION = YES;
				CLANG_WARN_OBJC_ROOT_CLASS = YES_ERROR;
				CLANG_WARN_SUSPICIOUS_MOVE = YES;
				CLANG_WARN_UNREACHABLE_CODE = YES;
				CLANG_WARN__DUPLICATE_METHOD_MATCH = YES;
				CODE_SIGN_IDENTITY = "-";
				COPY_PHASE_STRIP = NO;
				DEBUG_INFORMATION_FORMAT = "dwarf-with-dsym";
				ENABLE_NS_ASSERTIONS = NO;
				ENABLE_STRICT_OBJC_MSGSEND = YES;
				GCC_C_LANGUAGE_STANDARD = gnu99;
				GCC_NO_COMMON_BLOCKS = YES;
				GCC_WARN_64_TO_32_BIT_CONVERSION = YES;
				GCC_WARN_ABOUT_RETURN_TYPE = YES_ERROR;
				GCC_WARN_UNDECLARED_SELECTOR = YES;
				GCC_WARN_UNINITIALIZED_AUTOS = YES_AGGRESSIVE;
				GCC_WARN_UNUSED_FUNCTION = YES;
				GCC_WARN_UNUSED_VARIABLE = YES;
				MACOSX_DEPLOYMENT_TARGET = 10.12;
				MTL_ENABLE_DEBUG_INFO = NO;
				SDKROOT = macosx;
			};
			name = Release;
		};
		014099671E35D4C0001A99CC /* Debug */ = {
			isa = XCBuildConfiguration;
			buildSettings = {
				PRODUCT_NAME = "$(TARGET_NAME)";
			};
			name = Debug;
		};
		014099681E35D4C0001A99CC /* Release */ = {
			isa = XCBuildConfiguration;
			buildSettings = {
				PRODUCT_NAME = "$(TARGET_NAME)";
			};
			name = Release;
		};
/* End XCBuildConfiguration section */

/* Begin XCConfigurationList section */
		0140995A1E35D4C0001A99CC /* Build configuration list for PBXProject "DimensionalShapes" */ = {
			isa = XCConfigurationList;
			buildConfigurations = (
				014099641E35D4C0001A99CC /* Debug */,
				014099651E35D4C0001A99CC /* Release */,
			);
			defaultConfigurationIsVisible = 0;
			defaultConfigurationName = Release;
		};
		014099661E35D4C0001A99CC /* Build configuration list for PBXNativeTarget "DimensionalShapes" */ = {
			isa = XCConfigurationList;
			buildConfigurations = (
				014099671E35D4C0001A99CC /* Debug */,
				014099681E35D4C0001A99CC /* Release */,
			);
			defaultConfigurationIsVisible = 0;
			defaultConfigurationName = Release;
		};
/* End XCConfigurationList section */
	};
	rootObject = 014099571E35D4C0001A99CC /* Project object */;
}
